
Microsoft Visual Studio Solution File, Format Version 12.00
# Visual Studio Version 17
VisualStudioVersion = 17.6.33829.357
MinimumVisualStudioVersion = 10.0.40219.1
Project("{FAE04EC0-301F-11D3-BF4B-00C04F79EFBC}") = "Bloggy.web", "Bloggy.web\Bloggy.web.csproj", "{8BEE9596-B881-44A8-9778-00444619AD73}"
EndProject
Global
	GlobalSection(SolutionConfigurationPlatforms) = preSolution
		Debug|Any CPU = Debug|Any CPU
		Release|Any CPU = Release|Any CPU
	EndGlobalSection
	GlobalSection(ProjectConfigurationPlatforms) = postSolution
		{8BEE9596-B881-44A8-9778-00444619AD73}.Debug|Any CPU.ActiveCfg = Debug|Any CPU
		{8BEE9596-B881-44A8-9778-00444619AD73}.Debug|Any CPU.Build.0 = Debug|Any CPU
		{8BEE9596-B881-44A8-9778-00444619AD73}.Release|Any CPU.ActiveCfg = Release|Any CPU
		{8BEE9596-B881-44A8-9778-00444619AD73}.Release|Any CPU.Build.0 = Release|Any CPU
	EndGlobalSection
	GlobalSection(SolutionProperties) = preSolution
		HideSolutionNode = FALSE
	EndGlobalSection
	GlobalSection(ExtensibilityGlobals) = postSolution
		SolutionGuid = {3FD72FA2-4709-4215-B5AF-3C0C08B18CBE}
	EndGlobalSection
EndGlobal
